// !$*UTF8*$!
{
	archiveVersion = 1;
	classes = {
	};
	objectVersion = 46;
	objects = {

/* Begin PBXBuildFile section */
		F8EAEC671F4D2B0700887894 /* main.m in Sources */ = {isa = PBXBuildFile; fileRef = F8EAEC661F4D2B0700887894 /* main.m */; };
		F8EAEC6A1F4D2B0700887894 /* AppDelegate.m in Sources */ = {isa = PBXBuildFile; fileRef = F8EAEC691F4D2B0700887894 /* AppDelegate.m */; };
		F8EAEC6D1F4D2B0700887894 /* ViewController.m in Sources */ = {isa = PBXBuildFile; fileRef = F8EAEC6C1F4D2B0700887894 /* ViewController.m */; };
		F8EAEC701F4D2B0700887894 /* Main.storyboard in Resources */ = {isa = PBXBuildFile; fileRef = F8EAEC6E1F4D2B0700887894 /* Main.storyboard */; };
		F8EAEC721F4D2B0700887894 /* Assets.xcassets in Resources */ = {isa = PBXBuildFile; fileRef = F8EAEC711F4D2B0700887894 /* Assets.xcassets */; };
		F8EAEC751F4D2B0700887894 /* LaunchScreen.storyboard in Resources */ = {isa = PBXBuildFile; fileRef = F8EAEC731F4D2B0700887894 /* LaunchScreen.storyboard */; };
/* End PBXBuildFile section */

/* Begin PBXFileReference section */
		F8EAEC621F4D2B0700887894 /* SLKMessage.app */ = {isa = PBXFileReference; explicitFileType = wrapper.application; includeInIndex = 0; path = SLKMessage.app; sourceTree = BUILT_PRODUCTS_DIR; };
		F8EAEC661F4D2B0700887894 /* main.m */ = {isa = PBXFileReference; lastKnownFileType = sourcecode.c.objc; path = main.m; sourceTree = "<group>"; };
		F8EAEC681F4D2B0700887894 /* AppDelegate.h */ = {isa = PBXFileReference; lastKnownFileType = sourcecode.c.h; path = AppDelegate.h; sourceTree = "<group>"; };
		F8EAEC691F4D2B0700887894 /* AppDelegate.m */ = {isa = PBXFileReference; lastKnownFileType = sourcecode.c.objc; path = AppDelegate.m; sourceTree = "<group>"; };
		F8EAEC6B1F4D2B0700887894 /* ViewController.h */ = {isa = PBXFileReference; lastKnownFileType = sourcecode.c.h; path = ViewController.h; sourceTree = "<group>"; };
		F8EAEC6C1F4D2B0700887894 /* ViewController.m */ = {isa = PBXFileReference; lastKnownFileType = sourcecode.c.objc; path = ViewController.m; sourceTree = "<group>"; };
		F8EAEC6F1F4D2B0700887894 /* Base */ = {isa = PBXFileReference; lastKnownFileType = file.storyboard; name = Base; path = Base.lproj/Main.storyboard; sourceTree = "<group>"; };
		F8EAEC711F4D2B0700887894 /* Assets.xcassets */ = {isa = PBXFileReference; lastKnownFileType = folder.assetcatalog; path = Assets.xcassets; sourceTree = "<group>"; };
		F8EAEC741F4D2B0700887894 /* Base */ = {isa = PBXFileReference; lastKnownFileType = file.storyboard; name = Base; path = Base.lproj/LaunchScreen.storyboard; sourceTree = "<group>"; };
		F8EAEC761F4D2B0700887894 /* Info.plist */ = {isa = PBXFileReference; lastKnownFileType = text.plist.xml; path = Info.plist; sourceTree = "<group>"; };
/* End PBXFileReference section */

/* Begin PBXFrameworksBuildPhase section */
		F8EAEC5F1F4D2B0700887894 /* Frameworks */ = {
			isa = PBXFrameworksBuildPhase;
			buildActionMask = 2147483647;
			files = (
			);
			runOnlyForDeploymentPostprocessing = 0;
		};
/* End PBXFrameworksBuildPhase section */

/* Begin PBXGroup section */
		F8EAEC591F4D2B0700887894 = {
			isa = PBXGroup;
			children = (
				F8EAEC641F4D2B0700887894 /* SLKMessage */,
				F8EAEC631F4D2B0700887894 /* Products */,
			);
			sourceTree = "<group>";
		};
		F8EAEC631F4D2B0700887894 /* Products */ = {
			isa = PBXGroup;
			children = (
				F8EAEC621F4D2B0700887894 /* SLKMessage.app */,
			);
			name = Products;
			sourceTree = "<group>";
		};
		F8EAEC641F4D2B0700887894 /* SLKMessage */ = {
			isa = PBXGroup;
			children = (
				F8EAEC681F4D2B0700887894 /* AppDelegate.h */,
				F8EAEC691F4D2B0700887894 /* AppDelegate.m */,
				F8EAEC6B1F4D2B0700887894 /* ViewController.h */,
				F8EAEC6C1F4D2B0700887894 /* ViewController.m */,
				F8EAEC6E1F4D2B0700887894 /* Main.storyboard */,
				F8EAEC711F4D2B0700887894 /* Assets.xcassets */,
				F8EAEC731F4D2B0700887894 /* LaunchScreen.storyboard */,
				F8EAEC761F4D2B0700887894 /* Info.plist */,
				F8EAEC651F4D2B0700887894 /* Supporting Files */,
			);
			path = SLKMessage;
			sourceTree = "<group>";
		};
		F8EAEC651F4D2B0700887894 /* Supporting Files */ = {
			isa = PBXGroup;
			children = (
				F8EAEC661F4D2B0700887894 /* main.m */,
			);
			name = "Supporting Files";
			sourceTree = "<group>";
		};
/* End PBXGroup section */

/* Begin PBXNativeTarget section */
		F8EAEC611F4D2B0700887894 /* SLKMessage */ = {
			isa = PBXNativeTarget;
			buildConfigurationList = F8EAEC791F4D2B0700887894 /* Build configuration list for PBXNativeTarget "SLKMessage" */;
			buildPhases = (
				F8EAEC5E1F4D2B0700887894 /* Sources */,
				F8EAEC5F1F4D2B0700887894 /* Frameworks */,
				F8EAEC601F4D2B0700887894 /* Resources */,
			);
			buildRules = (
			);
			dependencies = (
			);
			name = SLKMessage;
			productName = SLKMessage;
			productReference = F8EAEC621F4D2B0700887894 /* SLKMessage.app */;
			productType = "com.apple.product-type.application";
		};
/* End PBXNativeTarget section */

/* Begin PBXProject section */
		F8EAEC5A1F4D2B0700887894 /* Project object */ = {
			isa = PBXProject;
			attributes = {
				LastUpgradeCheck = 0830;
				ORGANIZATIONNAME = sai;
				TargetAttributes = {
					F8EAEC611F4D2B0700887894 = {
						CreatedOnToolsVersion = 8.3.3;
						DevelopmentTeam = 47793U9PJ9;
						ProvisioningStyle = Automatic;
					};
				};
			};
			buildConfigurationList = F8EAEC5D1F4D2B0700887894 /* Build configuration list for PBXProject "SLKMessage" */;
			compatibilityVersion = "Xcode 3.2";
			developmentRegion = English;
			hasScannedForEncodings = 0;
			knownRegions = (
				en,
				Base,
			);
			mainGroup = F8EAEC591F4D2B0700887894;
			productRefGroup = F8EAEC631F4D2B0700887894 /* Products */;
			projectDirPath = "";
			projectRoot = "";
			targets = (
				F8EAEC611F4D2B0700887894 /* SLKMessage */,
			);
		};
/* End PBXProject section */

/* Begin PBXResourcesBuildPhase section */
		F8EAEC601F4D2B0700887894 /* Resources */ = {
			isa = PBXResourcesBuildPhase;
			buildActionMask = 2147483647;
			files = (
				F8EAEC751F4D2B0700887894 /* LaunchScreen.storyboard in Resources */,
				F8EAEC721F4D2B0700887894 /* Assets.xcassets in Resources */,
				F8EAEC701F4D2B0700887894 /* Main.storyboard in Resources */,
			);
			runOnlyForDeploymentPostprocessing = 0;
		};
/* End PBXResourcesBuildPhase section */

/* Begin PBXSourcesBuildPhase section */
		F8EAEC5E1F4D2B0700887894 /* Sources */ = {
			isa = PBXSourcesBuildPhase;
			buildActionMask = 2147483647;
			files = (
				F8EAEC6D1F4D2B0700887894 /* ViewController.m in Sources */,
				F8EAEC6A1F4D2B0700887894 /* AppDelegate.m in Sources */,
				F8EAEC671F4D2B0700887894 /* main.m in Sources */,
			);
			runOnlyForDeploymentPostprocessing = 0;
		};
/* End PBXSourcesBuildPhase section */

/* Begin PBXVariantGroup section */
		F8EAEC6E1F4D2B0700887894 /* Main.storyboard */ = {
			isa = PBXVariantGroup;
			children = (
				F8EAEC6F1F4D2B0700887894 /* Base */,
			);
			name = Main.storyboard;
			sourceTree = "<group>";
		};
		F8EAEC731F4D2B0700887894 /* LaunchScreen.storyboard */ = {
			isa = PBXVariantGroup;
			children = (
				F8EAEC741F4D2B0700887894 /* Base */,
			);
			name = LaunchScreen.storyboard;
			sourceTree = "<group>";
		};
/* End PBXVariantGroup section */

/* Begin XCBuildConfiguration section */
		F8EAEC771F4D2B0700887894 /* Debug */ = {
			isa = XCBuildConfiguration;
			buildSettings = {
				ALWAYS_SEARCH_USER_PATHS = NO;
				CLANG_ANALYZER_NONNULL = YES;
				CLANG_ANALYZER_NUMBER_OBJECT_CONVERSION = YES_AGGRESSIVE;
				CLANG_CXX_LANGUAGE_STANDARD = "gnu++0x";
				CLANG_CXX_LIBRARY = "libc++";
				CLANG_ENABLE_MODULES = YES;
				CLANG_ENABLE_OBJC_ARC = YES;
				CLANG_WARN_BOOL_CONVERSION = YES;
				CLANG_WARN_CONSTANT_CONVERSION = YES;
				CLANG_WARN_DIRECT_OBJC_ISA_USAGE = YES_ERROR;
				CLANG_WARN_DOCUMENTATION_COMMENTS = YES;
				CLANG_WARN_EMPTY_BODY = YES;
				CLANG_WARN_ENUM_CONVERSION = YES;
				CLANG_WARN_INFINITE_RECURSION = YES;
				CLANG_WARN_INT_CONVERSION = YES;
				CLANG_WARN_OBJC_ROOT_CLASS = YES_ERROR;
				CLANG_WARN_SUSPICIOUS_MOVE = YES;
				CLANG_WARN_UNREACHABLE_CODE = YES;
				CLANG_WARN__DUPLICATE_METHOD_MATCH = YES;
				"CODE_SIGN_IDENTITY[sdk=iphoneos*]" = "iPhone Developer";
				COPY_PHASE_STRIP = NO;
				DEBUG_INFORMATION_FORMAT = dwarf;
				ENABLE_STRICT_OBJC_MSGSEND = YES;
				ENABLE_TESTABILITY = YES;
				GCC_C_LANGUAGE_STANDARD = gnu99;
				GCC_DYNAMIC_NO_PIC = NO;
				GCC_NO_COMMON_BLOCKS = YES;
				GCC_OPTIMIZATION_LEVEL = 0;
				GCC_PREPROCESSOR_DEFINITIONS = (
					"DEBUG=1",
					"$(inherited)",
				);
				GCC_WARN_64_TO_32_BIT_CONVERSION = YES;
				GCC_WARN_ABOUT_RETURN_TYPE = YES_ERROR;
				GCC_WARN_UNDECLARED_SELECTOR = YES;
				GCC_WARN_UNINITIALIZED_AUTOS = YES_AGGRESSIVE;
				GCC_WARN_UNUSED_FUNCTION = YES;
				GCC_WARN_UNUSED_VARIABLE = YES;
				IPHONEOS_DEPLOYMENT_TARGET = 10.3;
				MTL_ENABLE_DEBUG_INFO = YES;
				ONLY_ACTIVE_ARCH = YES;
				SDKROOT = iphoneos;
			};
			name = Debug;
		};
		F8EAEC781F4D2B0700887894 /* Release */ = {
			isa = XCBuildConfiguration;
			buildSettings = {
				ALWAYS_SEARCH_USER_PATHS = NO;
				CLANG_ANALYZER_NONNULL = YES;
				CLANG_ANALYZER_NUMBER_OBJECT_CONVERSION = YES_AGGRESSIVE;
				CLANG_CXX_LANGUAGE_STANDARD = "gnu++0x";
				CLANG_CXX_LIBRARY = "libc++";
				CLANG_ENABLE_MODULES = YES;
				CLANG_ENABLE_OBJC_ARC = YES;
				CLANG_WARN_BOOL_CONVERSION = YES;
				CLANG_WARN_CONSTANT_CONVERSION = YES;
				CLANG_WARN_DIRECT_OBJC_ISA_USAGE = YES_ERROR;
				CLANG_WARN_DOCUMENTATION_COMMENTS = YES;
				CLANG_WARN_EMPTY_BODY = YES;
				CLANG_WARN_ENUM_CONVERSION = YES;
				CLANG_WARN_INFINITE_RECURSION = YES;
				CLANG_WARN_INT_CONVERSION = YES;
				CLANG_WARN_OBJC_ROOT_CLASS = YES_ERROR;
				CLANG_WARN_SUSPICIOUS_MOVE = YES;
				CLANG_WARN_UNREACHABLE_CODE = YES;
				CLANG_WARN__DUPLICATE_METHOD_MATCH = YES;
				"CODE_SIGN_IDENTITY[sdk=iphoneos*]" = "iPhone Developer";
				COPY_PHASE_STRIP = NO;
				DEBUG_INFORMATION_FORMAT = "dwarf-with-dsym";
				ENABLE_NS_ASSERTIONS = NO;
				ENABLE_STRICT_OBJC_MSGSEND = YES;
				GCC_C_LANGUAGE_STANDARD = gnu99;
				GCC_NO_COMMON_BLOCKS = YES;
				GCC_WARN_64_TO_32_BIT_CONVERSION = YES;
				GCC_WARN_ABOUT_RETURN_TYPE = YES_ERROR;
				GCC_WARN_UNDECLARED_SELECTOR = YES;
				GCC_WARN_UNINITIALIZED_AUTOS = YES_AGGRESSIVE;
				GCC_WARN_UNUSED_FUNCTION = YES;
				GCC_WARN_UNUSED_VARIABLE = YES;
				IPHONEOS_DEPLOYMENT_TARGET = 10.3;
				MTL_ENABLE_DEBUG_INFO = NO;
				SDKROOT = iphoneos;
				VALIDATE_PRODUCT = YES;
			};
			name = Release;
		};
		F8EAEC7A1F4D2B0700887894 /* Debug */ = {
			isa = XCBuildConfiguration;
			buildSettings = {
				ASSETCATALOG_COMPILER_APPICON_NAME = AppIcon;
				DEVELOPMENT_TEAM = 47793U9PJ9;
				INFOPLIST_FILE = SLKMessage/Info.plist;
				LD_RUNPATH_SEARCH_PATHS = "$(inherited) @executable_path/Frameworks";
				PRODUCT_BUNDLE_IDENTIFIER = com.sai.SLKMessage;
				PRODUCT_NAME = "$(TARGET_NAME)";
			};
			name = Debug;
		};
		F8EAEC7B1F4D2B0700887894 /* Release */ = {
			isa = XCBuildConfiguration;
			buildSettings = {
				ASSETCATALOG_COMPILER_APPICON_NAME = AppIcon;
				DEVELOPMENT_TEAM = 47793U9PJ9;
				INFOPLIST_FILE = SLKMessage/Info.plist;
				LD_RUNPATH_SEARCH_PATHS = "$(inherited) @executable_path/Frameworks";
				PRODUCT_BUNDLE_IDENTIFIER = com.sai.SLKMessage;
				PRODUCT_NAME = "$(TARGET_NAME)";
			};
			name = Release;
		};
/* End XCBuildConfiguration section */

/* Begin XCConfigurationList section */
		F8EAEC5D1F4D2B0700887894 /* Build configuration list for PBXProject "SLKMessage" */ = {
			isa = XCConfigurationList;
			buildConfigurations = (
				F8EAEC771F4D2B0700887894 /* Debug */,
				F8EAEC781F4D2B0700887894 /* Release */,
			);
			defaultConfigurationIsVisible = 0;
			defaultConfigurationName = Release;
		};
		F8EAEC791F4D2B0700887894 /* Build configuration list for PBXNativeTarget "SLKMessage" */ = {
			isa = XCConfigurationList;
			buildConfigurations = (
				F8EAEC7A1F4D2B0700887894 /* Debug */,
				F8EAEC7B1F4D2B0700887894 /* Release */,
			);
			defaultConfigurationIsVisible = 0;
		};
/* End XCConfigurationList section */
	};
	rootObject = F8EAEC5A1F4D2B0700887894 /* Project object */;
}
